<Solution>
  <Project Path="UzdevumuParvaldnieksKlases/UzdevumuParvaldnieksKlases.csproj" />
  <Project Path="UzdevumuParvaldnieksKonsole/UzdevumuParvaldnieksKonsole.csproj" />
  <Project Path="UzdevumuParvaldnieksMAUIApp/UzdevumuParvaldnieksMAUIApp.csproj" Id="e965f0f4-653b-4785-96d0-931fa9e52a9a" />
  <Project Path="UzdevumuParvaldnieksTestData/UzdevumuParvaldnieksTestData.csproj" Id="336d6631-3f24-458e-b895-161fd82be1b1" />
</Solution>
